
Microsoft Visual Studio Solution File, Format Version 12.00
# Visual Studio 2012
Project("{FAE04EC0-301F-11D3-BF4B-00C04F79EFBC}") = "1 - UI", "1 - UI\1 - UI.csproj", "{8B5883C3-33E9-498D-8FB0-30D3DC3B435D}"
EndProject
Project("{FAE04EC0-301F-11D3-BF4B-00C04F79EFBC}") = "2 - BLL", "2 - BLL\2 - BLL.csproj", "{6FF4CE69-F538-4572-87DE-32B842E35118}"
EndProject
Project("{FAE04EC0-301F-11D3-BF4B-00C04F79EFBC}") = "WebSiteWS", "WebSiteWS\WebSiteWS.csproj", "{6966664C-020D-4308-838B-93A311BC54BE}"
EndProject
Project("{FAE04EC0-301F-11D3-BF4B-00C04F79EFBC}") = "3 - DAL", "3 - DAL\3 - DAL.csproj", "{359B08DB-7F32-41AE-9739-598B11A4D838}"
EndProject
Global
	GlobalSection(SolutionConfigurationPlatforms) = preSolution
		Debug|Any CPU = Debug|Any CPU
		Release|Any CPU = Release|Any CPU
	EndGlobalSection
	GlobalSection(ProjectConfigurationPlatforms) = postSolution
		{8B5883C3-33E9-498D-8FB0-30D3DC3B435D}.Debug|Any CPU.ActiveCfg = Debug|Any CPU
		{8B5883C3-33E9-498D-8FB0-30D3DC3B435D}.Debug|Any CPU.Build.0 = Debug|Any CPU
		{8B5883C3-33E9-498D-8FB0-30D3DC3B435D}.Release|Any CPU.ActiveCfg = Release|Any CPU
		{8B5883C3-33E9-498D-8FB0-30D3DC3B435D}.Release|Any CPU.Build.0 = Release|Any CPU
		{6FF4CE69-F538-4572-87DE-32B842E35118}.Debug|Any CPU.ActiveCfg = Debug|Any CPU
		{6FF4CE69-F538-4572-87DE-32B842E35118}.Debug|Any CPU.Build.0 = Debug|Any CPU
		{6FF4CE69-F538-4572-87DE-32B842E35118}.Release|Any CPU.ActiveCfg = Release|Any CPU
		{6FF4CE69-F538-4572-87DE-32B842E35118}.Release|Any CPU.Build.0 = Release|Any CPU
		{6966664C-020D-4308-838B-93A311BC54BE}.Debug|Any CPU.ActiveCfg = Debug|Any CPU
		{6966664C-020D-4308-838B-93A311BC54BE}.Debug|Any CPU.Build.0 = Debug|Any CPU
		{6966664C-020D-4308-838B-93A311BC54BE}.Release|Any CPU.ActiveCfg = Release|Any CPU
		{6966664C-020D-4308-838B-93A311BC54BE}.Release|Any CPU.Build.0 = Release|Any CPU
		{359B08DB-7F32-41AE-9739-598B11A4D838}.Debug|Any CPU.ActiveCfg = Debug|Any CPU
		{359B08DB-7F32-41AE-9739-598B11A4D838}.Debug|Any CPU.Build.0 = Debug|Any CPU
		{359B08DB-7F32-41AE-9739-598B11A4D838}.Release|Any CPU.ActiveCfg = Release|Any CPU
		{359B08DB-7F32-41AE-9739-598B11A4D838}.Release|Any CPU.Build.0 = Release|Any CPU
	EndGlobalSection
	GlobalSection(SolutionProperties) = preSolution
		HideSolutionNode = FALSE
	EndGlobalSection
EndGlobal
